// !$*UTF8*$!
{
	archiveVersion = 1;
	classes = {
	};
	objectVersion = 50;
	objects = {

/* Begin PBXBuildFile section */
		50294C7E20B729630051B644 /* Kayak.json in Resources */ = {isa = PBXBuildFile; fileRef = 5082C5C820B62C4D00DA25DB /* Kayak.json */; };
		506B51FD20B4BD0700DE25AB /* Animations in Resources */ = {isa = PBXBuildFile; fileRef = 506B51FC20B4BD0700DE25AB /* Animations */; };
		506B520220B4E20800DE25AB /* Animations in Resources */ = {isa = PBXBuildFile; fileRef = 506B51FC20B4BD0700DE25AB /* Animations */; };
		5082C5C620B61CFF00DA25DB /* notificationExtension.appex in Embed App Extensions */ = {isa = PBXBuildFile; fileRef = 506B51FB20B4BCC500DE25AB /* notificationExtension.appex */; settings = {ATTRIBUTES = (RemoveHeadersOnCopy, ); }; };
		50D580C820A9035400F65D61 /* AppDelegate.swift in Sources */ = {isa = PBXBuildFile; fileRef = 50D580C720A9035400F65D61 /* AppDelegate.swift */; };
		50D580CA20A9035500F65D61 /* ViewController.swift in Sources */ = {isa = PBXBuildFile; fileRef = 50D580C920A9035500F65D61 /* ViewController.swift */; };
		50D580CD20A9035500F65D61 /* Main.storyboard in Resources */ = {isa = PBXBuildFile; fileRef = 50D580CB20A9035500F65D61 /* Main.storyboard */; };
		50D580CF20A9035600F65D61 /* Assets.xcassets in Resources */ = {isa = PBXBuildFile; fileRef = 50D580CE20A9035600F65D61 /* Assets.xcassets */; };
		50D580D220A9035600F65D61 /* LaunchScreen.storyboard in Resources */ = {isa = PBXBuildFile; fileRef = 50D580D020A9035600F65D61 /* LaunchScreen.storyboard */; };
		50D580DA20A904DA00F65D61 /* QuoteCollectionViewCell.swift in Sources */ = {isa = PBXBuildFile; fileRef = 50D580D920A904DA00F65D61 /* QuoteCollectionViewCell.swift */; };
		A12D122A20B363F9001C6D62 /* UserNotifications.framework in Frameworks */ = {isa = PBXBuildFile; fileRef = A12D122920B363F9001C6D62 /* UserNotifications.framework */; };
		A12D122C20B363F9001C6D62 /* UserNotificationsUI.framework in Frameworks */ = {isa = PBXBuildFile; fileRef = A12D122B20B363F9001C6D62 /* UserNotificationsUI.framework */; };
		A12D122F20B363F9001C6D62 /* NotificationViewController.swift in Sources */ = {isa = PBXBuildFile; fileRef = A12D122E20B363F9001C6D62 /* NotificationViewController.swift */; };
		A12D123220B363F9001C6D62 /* MainInterface.storyboard in Resources */ = {isa = PBXBuildFile; fileRef = A12D123020B363F9001C6D62 /* MainInterface.storyboard */; };
		A52822B993562461F7D379D2 /* Pods_InspirationalReminders.framework in Frameworks */ = {isa = PBXBuildFile; fileRef = 5267532367E67FA43FFDCE6C /* Pods_InspirationalReminders.framework */; };
		B4EDF785B6C6AB6AEAF28331 /* Pods_notificationExtension.framework in Frameworks */ = {isa = PBXBuildFile; fileRef = FE3DF7627FF924D767BCA34A /* Pods_notificationExtension.framework */; };
/* End PBXBuildFile section */

/* Begin PBXContainerItemProxy section */
		A12D123420B363F9001C6D62 /* PBXContainerItemProxy */ = {
			isa = PBXContainerItemProxy;
			containerPortal = 50D580BC20A9035400F65D61 /* Project object */;
			proxyType = 1;
			remoteGlobalIDString = A12D122620B363F9001C6D62;
			remoteInfo = notificationExtension;
		};
/* End PBXContainerItemProxy section */

/* Begin PBXCopyFilesBuildPhase section */
		A12D123A20B363F9001C6D62 /* Embed App Extensions */ = {
			isa = PBXCopyFilesBuildPhase;
			buildActionMask = 2147483647;
			dstPath = "";
			dstSubfolderSpec = 13;
			files = (
				5082C5C620B61CFF00DA25DB /* notificationExtension.appex in Embed App Extensions */,
			);
			name = "Embed App Extensions";
			runOnlyForDeploymentPostprocessing = 0;
		};
/* End PBXCopyFilesBuildPhase section */

/* Begin PBXFileReference section */
		3774FC7C13049B133765BDD8 /* Pods-InspirationalReminders.release.xcconfig */ = {isa = PBXFileReference; includeInIndex = 1; lastKnownFileType = text.xcconfig; name = "Pods-InspirationalReminders.release.xcconfig"; path = "Pods/Target Support Files/Pods-InspirationalReminders/Pods-InspirationalReminders.release.xcconfig"; sourceTree = "<group>"; };
		3ED4DBCF01A7FED85A5AF71A /* Pods-InspirationalReminders.debug.xcconfig */ = {isa = PBXFileReference; includeInIndex = 1; lastKnownFileType = text.xcconfig; name = "Pods-InspirationalReminders.debug.xcconfig"; path = "Pods/Target Support Files/Pods-InspirationalReminders/Pods-InspirationalReminders.debug.xcconfig"; sourceTree = "<group>"; };
		506B51FA20B4BCC500DE25AB /* InspirationalReminders.app */ = {isa = PBXFileReference; explicitFileType = wrapper.application; includeInIndex = 0; path = InspirationalReminders.app; sourceTree = BUILT_PRODUCTS_DIR; };
		506B51FB20B4BCC500DE25AB /* notificationExtension.appex */ = {isa = PBXFileReference; explicitFileType = "wrapper.app-extension"; includeInIndex = 0; path = notificationExtension.appex; sourceTree = BUILT_PRODUCTS_DIR; };
		506B51FC20B4BD0700DE25AB /* Animations */ = {isa = PBXFileReference; lastKnownFileType = folder; path = Animations; sourceTree = "<group>"; };
		5082C5C820B62C4D00DA25DB /* Kayak.json */ = {isa = PBXFileReference; lastKnownFileType = text.json; path = Kayak.json; sourceTree = "<group>"; };
		50D580C720A9035400F65D61 /* AppDelegate.swift */ = {isa = PBXFileReference; lastKnownFileType = sourcecode.swift; path = AppDelegate.swift; sourceTree = "<group>"; };
		50D580C920A9035500F65D61 /* ViewController.swift */ = {isa = PBXFileReference; lastKnownFileType = sourcecode.swift; path = ViewController.swift; sourceTree = "<group>"; };
		50D580CC20A9035500F65D61 /* Base */ = {isa = PBXFileReference; lastKnownFileType = file.storyboard; name = Base; path = Base.lproj/Main.storyboard; sourceTree = "<group>"; };
		50D580CE20A9035600F65D61 /* Assets.xcassets */ = {isa = PBXFileReference; lastKnownFileType = folder.assetcatalog; path = Assets.xcassets; sourceTree = "<group>"; };
		50D580D120A9035600F65D61 /* Base */ = {isa = PBXFileReference; lastKnownFileType = file.storyboard; name = Base; path = Base.lproj/LaunchScreen.storyboard; sourceTree = "<group>"; };
		50D580D320A9035600F65D61 /* Info.plist */ = {isa = PBXFileReference; lastKnownFileType = text.plist.xml; path = Info.plist; sourceTree = "<group>"; };
		50D580D920A904DA00F65D61 /* QuoteCollectionViewCell.swift */ = {isa = PBXFileReference; lastKnownFileType = sourcecode.swift; path = QuoteCollectionViewCell.swift; sourceTree = "<group>"; };
		50D580DB20A91C6000F65D61 /* InspirationalReminders.entitlements */ = {isa = PBXFileReference; lastKnownFileType = text.plist.entitlements; path = InspirationalReminders.entitlements; sourceTree = "<group>"; };
		5267532367E67FA43FFDCE6C /* Pods_InspirationalReminders.framework */ = {isa = PBXFileReference; explicitFileType = wrapper.framework; includeInIndex = 0; path = Pods_InspirationalReminders.framework; sourceTree = BUILT_PRODUCTS_DIR; };
		7C4A34A38590065347E85E82 /* Pods-notificationExtension.debug.xcconfig */ = {isa = PBXFileReference; includeInIndex = 1; lastKnownFileType = text.xcconfig; name = "Pods-notificationExtension.debug.xcconfig"; path = "Pods/Target Support Files/Pods-notificationExtension/Pods-notificationExtension.debug.xcconfig"; sourceTree = "<group>"; };
		A12D122920B363F9001C6D62 /* UserNotifications.framework */ = {isa = PBXFileReference; lastKnownFileType = wrapper.framework; name = UserNotifications.framework; path = System/Library/Frameworks/UserNotifications.framework; sourceTree = SDKROOT; };
		A12D122B20B363F9001C6D62 /* UserNotificationsUI.framework */ = {isa = PBXFileReference; lastKnownFileType = wrapper.framework; name = UserNotificationsUI.framework; path = System/Library/Frameworks/UserNotificationsUI.framework; sourceTree = SDKROOT; };
		A12D122E20B363F9001C6D62 /* NotificationViewController.swift */ = {isa = PBXFileReference; lastKnownFileType = sourcecode.swift; path = NotificationViewController.swift; sourceTree = "<group>"; };
		A12D123120B363F9001C6D62 /* Base */ = {isa = PBXFileReference; lastKnownFileType = file.storyboard; name = Base; path = Base.lproj/MainInterface.storyboard; sourceTree = "<group>"; };
		A12D123320B363F9001C6D62 /* Info.plist */ = {isa = PBXFileReference; lastKnownFileType = text.plist.xml; path = Info.plist; sourceTree = "<group>"; };
		F9FC6552D0ABDF0119AEDA2A /* Pods-notificationExtension.release.xcconfig */ = {isa = PBXFileReference; includeInIndex = 1; lastKnownFileType = text.xcconfig; name = "Pods-notificationExtension.release.xcconfig"; path = "Pods/Target Support Files/Pods-notificationExtension/Pods-notificationExtension.release.xcconfig"; sourceTree = "<group>"; };
		FE3DF7627FF924D767BCA34A /* Pods_notificationExtension.framework */ = {isa = PBXFileReference; explicitFileType = wrapper.framework; includeInIndex = 0; path = Pods_notificationExtension.framework; sourceTree = BUILT_PRODUCTS_DIR; };
/* End PBXFileReference section */

/* Begin PBXFrameworksBuildPhase section */
		50D580C120A9035400F65D61 /* Frameworks */ = {
			isa = PBXFrameworksBuildPhase;
			buildActionMask = 2147483647;
			files = (
				A52822B993562461F7D379D2 /* Pods_InspirationalReminders.framework in Frameworks */,
			);
			runOnlyForDeploymentPostprocessing = 0;
		};
		A12D122420B363F9001C6D62 /* Frameworks */ = {
			isa = PBXFrameworksBuildPhase;
			buildActionMask = 2147483647;
			files = (
				A12D122C20B363F9001C6D62 /* UserNotificationsUI.framework in Frameworks */,
				A12D122A20B363F9001C6D62 /* UserNotifications.framework in Frameworks */,
				B4EDF785B6C6AB6AEAF28331 /* Pods_notificationExtension.framework in Frameworks */,
			);
			runOnlyForDeploymentPostprocessing = 0;
		};
/* End PBXFrameworksBuildPhase section */

/* Begin PBXGroup section */
		480B35764EE5DE2F0EF44D29 /* Pods */ = {
			isa = PBXGroup;
			children = (
				3ED4DBCF01A7FED85A5AF71A /* Pods-InspirationalReminders.debug.xcconfig */,
				3774FC7C13049B133765BDD8 /* Pods-InspirationalReminders.release.xcconfig */,
				7C4A34A38590065347E85E82 /* Pods-notificationExtension.debug.xcconfig */,
				F9FC6552D0ABDF0119AEDA2A /* Pods-notificationExtension.release.xcconfig */,
			);
			name = Pods;
			sourceTree = "<group>";
		};
		50D580BB20A9035400F65D61 = {
			isa = PBXGroup;
			children = (
				50D580C620A9035400F65D61 /* InspirationalReminders */,
				A12D122D20B363F9001C6D62 /* notificationExtension */,
				A12D122820B363F9001C6D62 /* Frameworks */,
				480B35764EE5DE2F0EF44D29 /* Pods */,
				506B51FA20B4BCC500DE25AB /* InspirationalReminders.app */,
				506B51FB20B4BCC500DE25AB /* notificationExtension.appex */,
			);
			sourceTree = "<group>";
		};
		50D580C620A9035400F65D61 /* InspirationalReminders */ = {
			isa = PBXGroup;
			children = (
				506B51FC20B4BD0700DE25AB /* Animations */,
				50D580DB20A91C6000F65D61 /* InspirationalReminders.entitlements */,
				50D580C720A9035400F65D61 /* AppDelegate.swift */,
				50D580C920A9035500F65D61 /* ViewController.swift */,
				50D580D920A904DA00F65D61 /* QuoteCollectionViewCell.swift */,
				50D580CB20A9035500F65D61 /* Main.storyboard */,
				50D580CE20A9035600F65D61 /* Assets.xcassets */,
				50D580D020A9035600F65D61 /* LaunchScreen.storyboard */,
				50D580D320A9035600F65D61 /* Info.plist */,
			);
			path = InspirationalReminders;
			sourceTree = "<group>";
		};
		A12D122820B363F9001C6D62 /* Frameworks */ = {
			isa = PBXGroup;
			children = (
				A12D122920B363F9001C6D62 /* UserNotifications.framework */,
				A12D122B20B363F9001C6D62 /* UserNotificationsUI.framework */,
				5267532367E67FA43FFDCE6C /* Pods_InspirationalReminders.framework */,
				FE3DF7627FF924D767BCA34A /* Pods_notificationExtension.framework */,
			);
			name = Frameworks;
			sourceTree = "<group>";
		};
		A12D122D20B363F9001C6D62 /* notificationExtension */ = {
			isa = PBXGroup;
			children = (
				5082C5C820B62C4D00DA25DB /* Kayak.json */,
				A12D122E20B363F9001C6D62 /* NotificationViewController.swift */,
				A12D123020B363F9001C6D62 /* MainInterface.storyboard */,
				A12D123320B363F9001C6D62 /* Info.plist */,
			);
			path = notificationExtension;
			sourceTree = "<group>";
		};
/* End PBXGroup section */

/* Begin PBXNativeTarget section */
		50D580C320A9035400F65D61 /* InspirationalReminders */ = {
			isa = PBXNativeTarget;
			buildConfigurationList = 50D580D620A9035600F65D61 /* Build configuration list for PBXNativeTarget "InspirationalReminders" */;
			buildPhases = (
				40199C364A92DB2AC53460B3 /* [CP] Check Pods Manifest.lock */,
				50D580C020A9035400F65D61 /* Sources */,
				50D580C120A9035400F65D61 /* Frameworks */,
				50D580C220A9035400F65D61 /* Resources */,
				A12D123A20B363F9001C6D62 /* Embed App Extensions */,
				683FC1DE4A68958B3104650B /* [CP] Embed Pods Frameworks */,
			);
			buildRules = (
			);
			dependencies = (
				A12D123520B363F9001C6D62 /* PBXTargetDependency */,
			);
			name = InspirationalReminders;
			productName = InspirationalReminders;
			productReference = 506B51FA20B4BCC500DE25AB /* InspirationalReminders.app */;
			productType = "com.apple.product-type.application";
		};
		A12D122620B363F9001C6D62 /* notificationExtension */ = {
			isa = PBXNativeTarget;
			buildConfigurationList = A12D123720B363F9001C6D62 /* Build configuration list for PBXNativeTarget "notificationExtension" */;
			buildPhases = (
				07B7439027169980B5480E9D /* [CP] Check Pods Manifest.lock */,
				A12D122320B363F9001C6D62 /* Sources */,
				A12D122420B363F9001C6D62 /* Frameworks */,
				A12D122520B363F9001C6D62 /* Resources */,
			);
			buildRules = (
			);
			dependencies = (
			);
			name = notificationExtension;
			productName = notificationExtension;
			productReference = 506B51FB20B4BCC500DE25AB /* notificationExtension.appex */;
			productType = "com.apple.product-type.app-extension";
		};
/* End PBXNativeTarget section */

/* Begin PBXProject section */
		50D580BC20A9035400F65D61 /* Project object */ = {
			isa = PBXProject;
			attributes = {
				LastSwiftUpdateCheck = 0930;
				LastUpgradeCheck = 0930;
				ORGANIZATIONNAME = "Eve Denison";
				TargetAttributes = {
					50D580C320A9035400F65D61 = {
						CreatedOnToolsVersion = 9.3;
						SystemCapabilities = {
							com.apple.Push = {
								enabled = 1;
							};
						};
					};
					A12D122620B363F9001C6D62 = {
						CreatedOnToolsVersion = 9.3.1;
					};
				};
			};
			buildConfigurationList = 50D580BF20A9035400F65D61 /* Build configuration list for PBXProject "InspirationalReminders" */;
			compatibilityVersion = "Xcode 9.3";
			developmentRegion = en;
			hasScannedForEncodings = 0;
			knownRegions = (
				en,
				Base,
			);
			mainGroup = 50D580BB20A9035400F65D61;
			productRefGroup = 50D580BB20A9035400F65D61;
			projectDirPath = "";
			projectRoot = "";
			targets = (
				50D580C320A9035400F65D61 /* InspirationalReminders */,
				A12D122620B363F9001C6D62 /* notificationExtension */,
			);
		};
/* End PBXProject section */

/* Begin PBXResourcesBuildPhase section */
		50D580C220A9035400F65D61 /* Resources */ = {
			isa = PBXResourcesBuildPhase;
			buildActionMask = 2147483647;
			files = (
				50D580D220A9035600F65D61 /* LaunchScreen.storyboard in Resources */,
				506B51FD20B4BD0700DE25AB /* Animations in Resources */,
				50D580CF20A9035600F65D61 /* Assets.xcassets in Resources */,
				50D580CD20A9035500F65D61 /* Main.storyboard in Resources */,
			);
			runOnlyForDeploymentPostprocessing = 0;
		};
		A12D122520B363F9001C6D62 /* Resources */ = {
			isa = PBXResourcesBuildPhase;
			buildActionMask = 2147483647;
			files = (
				A12D123220B363F9001C6D62 /* MainInterface.storyboard in Resources */,
				506B520220B4E20800DE25AB /* Animations in Resources */,
				50294C7E20B729630051B644 /* Kayak.json in Resources */,
			);
			runOnlyForDeploymentPostprocessing = 0;
		};
/* End PBXResourcesBuildPhase section */

/* Begin PBXShellScriptBuildPhase section */
		07B7439027169980B5480E9D /* [CP] Check Pods Manifest.lock */ = {
			isa = PBXShellScriptBuildPhase;
			buildActionMask = 2147483647;
			files = (
			);
			inputPaths = (
				"${PODS_PODFILE_DIR_PATH}/Podfile.lock",
				"${PODS_ROOT}/Manifest.lock",
			);
			name = "[CP] Check Pods Manifest.lock";
			outputPaths = (
				"$(DERIVED_FILE_DIR)/Pods-notificationExtension-checkManifestLockResult.txt",
			);
			runOnlyForDeploymentPostprocessing = 0;
			shellPath = /bin/sh;
			shellScript = "diff \"${PODS_PODFILE_DIR_PATH}/Podfile.lock\" \"${PODS_ROOT}/Manifest.lock\" > /dev/null\nif [ $? != 0 ] ; then\n    # print error to STDERR\n    echo \"error: The sandbox is not in sync with the Podfile.lock. Run 'pod install' or update your CocoaPods installation.\" >&2\n    exit 1\nfi\n# This output is used by Xcode 'outputs' to avoid re-running this script phase.\necho \"SUCCESS\" > \"${SCRIPT_OUTPUT_FILE_0}\"\n";
			showEnvVarsInLog = 0;
		};
		40199C364A92DB2AC53460B3 /* [CP] Check Pods Manifest.lock */ = {
			isa = PBXShellScriptBuildPhase;
			buildActionMask = 2147483647;
			files = (
			);
			inputPaths = (
				"${PODS_PODFILE_DIR_PATH}/Podfile.lock",
				"${PODS_ROOT}/Manifest.lock",
			);
			name = "[CP] Check Pods Manifest.lock";
			outputPaths = (
				"$(DERIVED_FILE_DIR)/Pods-InspirationalReminders-checkManifestLockResult.txt",
			);
			runOnlyForDeploymentPostprocessing = 0;
			shellPath = /bin/sh;
			shellScript = "diff \"${PODS_PODFILE_DIR_PATH}/Podfile.lock\" \"${PODS_ROOT}/Manifest.lock\" > /dev/null\nif [ $? != 0 ] ; then\n    # print error to STDERR\n    echo \"error: The sandbox is not in sync with the Podfile.lock. Run 'pod install' or update your CocoaPods installation.\" >&2\n    exit 1\nfi\n# This output is used by Xcode 'outputs' to avoid re-running this script phase.\necho \"SUCCESS\" > \"${SCRIPT_OUTPUT_FILE_0}\"\n";
			showEnvVarsInLog = 0;
		};
		683FC1DE4A68958B3104650B /* [CP] Embed Pods Frameworks */ = {
			isa = PBXShellScriptBuildPhase;
			buildActionMask = 2147483647;
			files = (
			);
			inputPaths = (
				"${SRCROOT}/Pods/Target Support Files/Pods-InspirationalReminders/Pods-InspirationalReminders-frameworks.sh",
				"${BUILT_PRODUCTS_DIR}/lottie-ios/Lottie.framework",
			);
			name = "[CP] Embed Pods Frameworks";
			outputPaths = (
				"${TARGET_BUILD_DIR}/${FRAMEWORKS_FOLDER_PATH}/Lottie.framework",
			);
			runOnlyForDeploymentPostprocessing = 0;
			shellPath = /bin/sh;
			shellScript = "\"${SRCROOT}/Pods/Target Support Files/Pods-InspirationalReminders/Pods-InspirationalReminders-frameworks.sh\"\n";
			showEnvVarsInLog = 0;
		};
/* End PBXShellScriptBuildPhase section */

/* Begin PBXSourcesBuildPhase section */
		50D580C020A9035400F65D61 /* Sources */ = {
			isa = PBXSourcesBuildPhase;
			buildActionMask = 2147483647;
			files = (
				50D580CA20A9035500F65D61 /* ViewController.swift in Sources */,
				50D580DA20A904DA00F65D61 /* QuoteCollectionViewCell.swift in Sources */,
				50D580C820A9035400F65D61 /* AppDelegate.swift in Sources */,
			);
			runOnlyForDeploymentPostprocessing = 0;
		};
		A12D122320B363F9001C6D62 /* Sources */ = {
			isa = PBXSourcesBuildPhase;
			buildActionMask = 2147483647;
			files = (
				A12D122F20B363F9001C6D62 /* NotificationViewController.swift in Sources */,
			);
			runOnlyForDeploymentPostprocessing = 0;
		};
/* End PBXSourcesBuildPhase section */

/* Begin PBXTargetDependency section */
		A12D123520B363F9001C6D62 /* PBXTargetDependency */ = {
			isa = PBXTargetDependency;
			target = A12D122620B363F9001C6D62 /* notificationExtension */;
			targetProxy = A12D123420B363F9001C6D62 /* PBXContainerItemProxy */;
		};
/* End PBXTargetDependency section */

/* Begin PBXVariantGroup section */
		50D580CB20A9035500F65D61 /* Main.storyboard */ = {
			isa = PBXVariantGroup;
			children = (
				50D580CC20A9035500F65D61 /* Base */,
			);
			name = Main.storyboard;
			sourceTree = "<group>";
		};
		50D580D020A9035600F65D61 /* LaunchScreen.storyboard */ = {
			isa = PBXVariantGroup;
			children = (
				50D580D120A9035600F65D61 /* Base */,
			);
			name = LaunchScreen.storyboard;
			sourceTree = "<group>";
		};
		A12D123020B363F9001C6D62 /* MainInterface.storyboard */ = {
			isa = PBXVariantGroup;
			children = (
				A12D123120B363F9001C6D62 /* Base */,
			);
			name = MainInterface.storyboard;
			sourceTree = "<group>";
		};
/* End PBXVariantGroup section */

/* Begin XCBuildConfiguration section */
		50D580D420A9035600F65D61 /* Debug */ = {
			isa = XCBuildConfiguration;
			buildSettings = {
				ALWAYS_SEARCH_USER_PATHS = NO;
				CLANG_ANALYZER_NONNULL = YES;
				CLANG_ANALYZER_NUMBER_OBJECT_CONVERSION = YES_AGGRESSIVE;
				CLANG_CXX_LANGUAGE_STANDARD = "gnu++14";
				CLANG_CXX_LIBRARY = "libc++";
				CLANG_ENABLE_MODULES = YES;
				CLANG_ENABLE_OBJC_ARC = YES;
				CLANG_ENABLE_OBJC_WEAK = YES;
				CLANG_WARN_BLOCK_CAPTURE_AUTORELEASING = YES;
				CLANG_WARN_BOOL_CONVERSION = YES;
				CLANG_WARN_COMMA = YES;
				CLANG_WARN_CONSTANT_CONVERSION = YES;
				CLANG_WARN_DEPRECATED_OBJC_IMPLEMENTATIONS = YES;
				CLANG_WARN_DIRECT_OBJC_ISA_USAGE = YES_ERROR;
				CLANG_WARN_DOCUMENTATION_COMMENTS = YES;
				CLANG_WARN_EMPTY_BODY = YES;
				CLANG_WARN_ENUM_CONVERSION = YES;
				CLANG_WARN_INFINITE_RECURSION = YES;
				CLANG_WARN_INT_CONVERSION = YES;
				CLANG_WARN_NON_LITERAL_NULL_CONVERSION = YES;
				CLANG_WARN_OBJC_IMPLICIT_RETAIN_SELF = YES;
				CLANG_WARN_OBJC_LITERAL_CONVERSION = YES;
				CLANG_WARN_OBJC_ROOT_CLASS = YES_ERROR;
				CLANG_WARN_RANGE_LOOP_ANALYSIS = YES;
				CLANG_WARN_STRICT_PROTOTYPES = YES;
				CLANG_WARN_SUSPICIOUS_MOVE = YES;
				CLANG_WARN_UNGUARDED_AVAILABILITY = YES_AGGRESSIVE;
				CLANG_WARN_UNREACHABLE_CODE = YES;
				CLANG_WARN__DUPLICATE_METHOD_MATCH = YES;
				CODE_SIGN_IDENTITY = "iPhone Developer";
				COPY_PHASE_STRIP = NO;
				DEBUG_INFORMATION_FORMAT = dwarf;
				ENABLE_STRICT_OBJC_MSGSEND = YES;
				ENABLE_TESTABILITY = YES;
				GCC_C_LANGUAGE_STANDARD = gnu11;
				GCC_DYNAMIC_NO_PIC = NO;
				GCC_NO_COMMON_BLOCKS = YES;
				GCC_OPTIMIZATION_LEVEL = 0;
				GCC_PREPROCESSOR_DEFINITIONS = (
					"DEBUG=1",
					"$(inherited)",
				);
				GCC_WARN_64_TO_32_BIT_CONVERSION = YES;
				GCC_WARN_ABOUT_RETURN_TYPE = YES_ERROR;
				GCC_WARN_UNDECLARED_SELECTOR = YES;
				GCC_WARN_UNINITIALIZED_AUTOS = YES_AGGRESSIVE;
				GCC_WARN_UNUSED_FUNCTION = YES;
				GCC_WARN_UNUSED_VARIABLE = YES;
				IPHONEOS_DEPLOYMENT_TARGET = 11.3;
				MTL_ENABLE_DEBUG_INFO = YES;
				ONLY_ACTIVE_ARCH = YES;
				SDKROOT = iphoneos;
				SWIFT_ACTIVE_COMPILATION_CONDITIONS = DEBUG;
				SWIFT_OPTIMIZATION_LEVEL = "-Onone";
			};
			name = Debug;
		};
		50D580D520A9035600F65D61 /* Release */ = {
			isa = XCBuildConfiguration;
			buildSettings = {
				ALWAYS_SEARCH_USER_PATHS = NO;
				CLANG_ANALYZER_NONNULL = YES;
				CLANG_ANALYZER_NUMBER_OBJECT_CONVERSION = YES_AGGRESSIVE;
				CLANG_CXX_LANGUAGE_STANDARD = "gnu++14";
				CLANG_CXX_LIBRARY = "libc++";
				CLANG_ENABLE_MODULES = YES;
				CLANG_ENABLE_OBJC_ARC = YES;
				CLANG_ENABLE_OBJC_WEAK = YES;
				CLANG_WARN_BLOCK_CAPTURE_AUTORELEASING = YES;
				CLANG_WARN_BOOL_CONVERSION = YES;
				CLANG_WARN_COMMA = YES;
				CLANG_WARN_CONSTANT_CONVERSION = YES;
				CLANG_WARN_DEPRECATED_OBJC_IMPLEMENTATIONS = YES;
				CLANG_WARN_DIRECT_OBJC_ISA_USAGE = YES_ERROR;
				CLANG_WARN_DOCUMENTATION_COMMENTS = YES;
				CLANG_WARN_EMPTY_BODY = YES;
				CLANG_WARN_ENUM_CONVERSION = YES;
				CLANG_WARN_INFINITE_RECURSION = YES;
				CLANG_WARN_INT_CONVERSION = YES;
				CLANG_WARN_NON_LITERAL_NULL_CONVERSION = YES;
				CLANG_WARN_OBJC_IMPLICIT_RETAIN_SELF = YES;
				CLANG_WARN_OBJC_LITERAL_CONVERSION = YES;
				CLANG_WARN_OBJC_ROOT_CLASS = YES_ERROR;
				CLANG_WARN_RANGE_LOOP_ANALYSIS = YES;
				CLANG_WARN_STRICT_PROTOTYPES = YES;
				CLANG_WARN_SUSPICIOUS_MOVE = YES;
				CLANG_WARN_UNGUARDED_AVAILABILITY = YES_AGGRESSIVE;
				CLANG_WARN_UNREACHABLE_CODE = YES;
				CLANG_WARN__DUPLICATE_METHOD_MATCH = YES;
				CODE_SIGN_IDENTITY = "iPhone Developer";
				COPY_PHASE_STRIP = NO;
				DEBUG_INFORMATION_FORMAT = "dwarf-with-dsym";
				ENABLE_NS_ASSERTIONS = NO;
				ENABLE_STRICT_OBJC_MSGSEND = YES;
				GCC_C_LANGUAGE_STANDARD = gnu11;
				GCC_NO_COMMON_BLOCKS = YES;
				GCC_WARN_64_TO_32_BIT_CONVERSION = YES;
				GCC_WARN_ABOUT_RETURN_TYPE = YES_ERROR;
				GCC_WARN_UNDECLARED_SELECTOR = YES;
				GCC_WARN_UNINITIALIZED_AUTOS = YES_AGGRESSIVE;
				GCC_WARN_UNUSED_FUNCTION = YES;
				GCC_WARN_UNUSED_VARIABLE = YES;
				IPHONEOS_DEPLOYMENT_TARGET = 11.3;
				MTL_ENABLE_DEBUG_INFO = NO;
				SDKROOT = iphoneos;
				SWIFT_COMPILATION_MODE = wholemodule;
				SWIFT_OPTIMIZATION_LEVEL = "-O";
				VALIDATE_PRODUCT = YES;
			};
			name = Release;
		};
		50D580D720A9035600F65D61 /* Debug */ = {
			isa = XCBuildConfiguration;
			baseConfigurationReference = 3ED4DBCF01A7FED85A5AF71A /* Pods-InspirationalReminders.debug.xcconfig */;
			buildSettings = {
				ALWAYS_EMBED_SWIFT_STANDARD_LIBRARIES = YES;
				ASSETCATALOG_COMPILER_APPICON_NAME = AppIcon;
				CODE_SIGN_ENTITLEMENTS = InspirationalReminders/InspirationalReminders.entitlements;
				CODE_SIGN_STYLE = Automatic;
				DEVELOPMENT_TEAM = UG659HW99G;
				INFOPLIST_FILE = InspirationalReminders/Info.plist;
				LD_RUNPATH_SEARCH_PATHS = (
					"$(inherited)",
					"@executable_path/Frameworks",
				);
				PRODUCT_BUNDLE_IDENTIFIER = com.evedenison.InspirationalReminders;
				PRODUCT_NAME = "$(TARGET_NAME)";
				SWIFT_VERSION = 4.0;
				TARGETED_DEVICE_FAMILY = "1,2";
			};
			name = Debug;
		};
		50D580D820A9035600F65D61 /* Release */ = {
			isa = XCBuildConfiguration;
			baseConfigurationReference = 3774FC7C13049B133765BDD8 /* Pods-InspirationalReminders.release.xcconfig */;
			buildSettings = {
				ALWAYS_EMBED_SWIFT_STANDARD_LIBRARIES = YES;
				ASSETCATALOG_COMPILER_APPICON_NAME = AppIcon;
				CODE_SIGN_ENTITLEMENTS = InspirationalReminders/InspirationalReminders.entitlements;
				CODE_SIGN_STYLE = Automatic;
				DEVELOPMENT_TEAM = UG659HW99G;
				INFOPLIST_FILE = InspirationalReminders/Info.plist;
				LD_RUNPATH_SEARCH_PATHS = (
					"$(inherited)",
					"@executable_path/Frameworks",
				);
				PRODUCT_BUNDLE_IDENTIFIER = com.evedenison.InspirationalReminders;
				PRODUCT_NAME = "$(TARGET_NAME)";
				SWIFT_VERSION = 4.0;
				TARGETED_DEVICE_FAMILY = "1,2";
			};
			name = Release;
		};
		A12D123820B363F9001C6D62 /* Debug */ = {
			isa = XCBuildConfiguration;
			baseConfigurationReference = 7C4A34A38590065347E85E82 /* Pods-notificationExtension.debug.xcconfig */;
			buildSettings = {
				CODE_SIGN_STYLE = Automatic;
				DEVELOPMENT_TEAM = UG659HW99G;
				INFOPLIST_FILE = notificationExtension/Info.plist;
				LD_RUNPATH_SEARCH_PATHS = (
					"$(inherited)",
					"@executable_path/Frameworks",
					"@executable_path/../../Frameworks",
				);
				PRODUCT_BUNDLE_IDENTIFIER = com.evedenison.InspirationalReminders.notificationExtension;
				PRODUCT_NAME = "$(TARGET_NAME)";
				SKIP_INSTALL = YES;
				SWIFT_VERSION = 4.0;
				TARGETED_DEVICE_FAMILY = "1,2";
			};
			name = Debug;
		};
		A12D123920B363F9001C6D62 /* Release */ = {
			isa = XCBuildConfiguration;
			baseConfigurationReference = F9FC6552D0ABDF0119AEDA2A /* Pods-notificationExtension.release.xcconfig */;
			buildSettings = {
				CODE_SIGN_STYLE = Automatic;
				DEVELOPMENT_TEAM = UG659HW99G;
				INFOPLIST_FILE = notificationExtension/Info.plist;
				LD_RUNPATH_SEARCH_PATHS = (
					"$(inherited)",
					"@executable_path/Frameworks",
					"@executable_path/../../Frameworks",
				);
				PRODUCT_BUNDLE_IDENTIFIER = com.evedenison.InspirationalReminders.notificationExtension;
				PRODUCT_NAME = "$(TARGET_NAME)";
				SKIP_INSTALL = YES;
				SWIFT_VERSION = 4.0;
				TARGETED_DEVICE_FAMILY = "1,2";
			};
			name = Release;
		};
/* End XCBuildConfiguration section */

/* Begin XCConfigurationList section */
		50D580BF20A9035400F65D61 /* Build configuration list for PBXProject "InspirationalReminders" */ = {
			isa = XCConfigurationList;
			buildConfigurations = (
				50D580D420A9035600F65D61 /* Debug */,
				50D580D520A9035600F65D61 /* Release */,
			);
			defaultConfigurationIsVisible = 0;
			defaultConfigurationName = Release;
		};
		50D580D620A9035600F65D61 /* Build configuration list for PBXNativeTarget "InspirationalReminders" */ = {
			isa = XCConfigurationList;
			buildConfigurations = (
				50D580D720A9035600F65D61 /* Debug */,
				50D580D820A9035600F65D61 /* Release */,
			);
			defaultConfigurationIsVisible = 0;
			defaultConfigurationName = Release;
		};
		A12D123720B363F9001C6D62 /* Build configuration list for PBXNativeTarget "notificationExtension" */ = {
			isa = XCConfigurationList;
			buildConfigurations = (
				A12D123820B363F9001C6D62 /* Debug */,
				A12D123920B363F9001C6D62 /* Release */,
			);
			defaultConfigurationIsVisible = 0;
			defaultConfigurationName = Release;
		};
/* End XCConfigurationList section */
	};
	rootObject = 50D580BC20A9035400F65D61 /* Project object */;
}
